
Microsoft Visual Studio Solution File, Format Version 12.00
# Visual Studio Version 17
VisualStudioVersion = 17.1.32319.34
MinimumVisualStudioVersion = 10.0.40219.1
Project("{FAE04EC0-301F-11D3-BF4B-00C04F79EFBC}") = "WebApi", "WebApi\WebApi.csproj", "{F671342B-A31A-4B56-9E86-70A8DDA4B9E9}"
EndProject
Global
	GlobalSection(SolutionConfigurationPlatforms) = preSolution
		Debug|Any CPU = Debug|Any CPU
		Release|Any CPU = Release|Any CPU
	EndGlobalSection
	GlobalSection(ProjectConfigurationPlatforms) = postSolution
		{F671342B-A31A-4B56-9E86-70A8DDA4B9E9}.Debug|Any CPU.ActiveCfg = Debug|Any CPU
		{F671342B-A31A-4B56-9E86-70A8DDA4B9E9}.Debug|Any CPU.Build.0 = Debug|Any CPU
		{F671342B-A31A-4B56-9E86-70A8DDA4B9E9}.Release|Any CPU.ActiveCfg = Release|Any CPU
		{F671342B-A31A-4B56-9E86-70A8DDA4B9E9}.Release|Any CPU.Build.0 = Release|Any CPU
	EndGlobalSection
	GlobalSection(SolutionProperties) = preSolution
		HideSolutionNode = FALSE
	EndGlobalSection
	GlobalSection(ExtensibilityGlobals) = postSolution
		SolutionGuid = {D486A7D0-F6DD-4EBE-A744-E1EBF2FE863B}
	EndGlobalSection
EndGlobal
